<?xml version="1.0" encoding="utf-8"?>
<Project ToolsVersion="4.0" xmlns="http://schemas.microsoft.com/developer/msbuild/2003">
  <ItemGroup>
    <Filter Include="Source Files">
      <UniqueIdentifier>{4FC737F1-C7A5-4376-A066-2A32D752A2FF}</UniqueIdentifier>
      <Extensions>cpp;c;cc;cxx;def;odl;idl;hpj;bat;asm;asmx</Extensions>
    </Filter>
    <Filter Include="Header Files">
      <UniqueIdentifier>{93995380-89BD-4b04-88EB-625FBE52EBFB}</UniqueIdentifier>
      <Extensions>h;hpp;hxx;hm;inl;inc;xsd</Extensions>
    </Filter>
  </ItemGroup>
  <ItemGroup>
    <ClCompile Include="lcommon\src\block_info.c">
      <Filter>Source Files</Filter>
    </ClCompile>
    <ClCompile Include="lcommon\src\ComAdaptiveLoopFilter.c">
      <Filter>Source Files</Filter>
    </ClCompile>
    <ClCompile Include="lcommon\src\inter-prediction.c">
      <Filter>Source Files</Filter>
    </ClCompile>
    <ClCompile Include="lcommon\src\intra-prediction.c">
      <Filter>Source Files</Filter>
    </ClCompile>
    <ClCompile Include="lcommon\src\loop-filter.c">
      <Filter>Source Files</Filter>
    </ClCompile>
    <ClCompile Include="lcommon\src\memalloc.c">
      <Filter>Source Files</Filter>
    </ClCompile>
    <ClCompile Include="lcommon\src\md5.c">
      <Filter>Source Files</Filter>
    </ClCompile>
    <ClCompile Include="lcommon\src\transform.c">
      <Filter>Source Files</Filter>
    </ClCompile>
  </ItemGroup>
  <ItemGroup>
    <ClInclude Include="lcommon\inc\block_info.h">
      <Filter>Header Files</Filter>
    </ClInclude>
    <ClInclude Include="lcommon\inc\ComAdaptiveLoopFilter.h">
      <Filter>Header Files</Filter>
    </ClInclude>
    <ClInclude Include="lcommon\inc\commonStructures.h">
      <Filter>Header Files</Filter>
    </ClInclude>
    <ClInclude Include="lcommon\inc\commonVariables.h">
      <Filter>Header Files</Filter>
    </ClInclude>
    <ClInclude Include="lcommon\inc\contributors.h">
      <Filter>Header Files</Filter>
    </ClInclude>
    <ClInclude Include="lcommon\inc\defines.h">
      <Filter>Header Files</Filter>
    </ClInclude>
    <ClInclude Include="lcommon\inc\inter-prediction.h">
      <Filter>Header Files</Filter>
    </ClInclude>
    <ClInclude Include="lcommon\inc\intra-prediction.h">
      <Filter>Header Files</Filter>
    </ClInclude>
    <ClInclude Include="lcommon\inc\loop-filter.h">
      <Filter>Header Files</Filter>
    </ClInclude>
    <ClInclude Include="lcommon\inc\md5.h">
      <Filter>Header Files</Filter>
    </ClInclude>
    <ClInclude Include="lcommon\inc\memalloc.h">
      <Filter>Header Files</Filter>
    </ClInclude>
    <ClInclude Include="lcommon\inc\transform.h">
      <Filter>Header Files</Filter>
    </ClInclude>
  </ItemGroup>
</Project>