<?xml version="1.0" encoding="utf-8"?>
<Project ToolsVersion="4.0" xmlns="http://schemas.microsoft.com/developer/msbuild/2003">
  <ItemGroup>
    <Filter Include="Source Files">
      <UniqueIdentifier>{04b45611-d612-41c7-9f39-707596770f68}</UniqueIdentifier>
      <Extensions>cpp;c;cxx;rc;def;r;odl;idl;hpj;bat</Extensions>
    </Filter>
    <Filter Include="Header Files">
      <UniqueIdentifier>{f357e38c-10c7-4b22-b4d2-3bcd5657307e}</UniqueIdentifier>
      <Extensions>h;hpp;hxx;hm;inl</Extensions>
    </Filter>
  </ItemGroup>
  <ItemGroup>
    <ClCompile Include="ldecod\src\AEC.c">
      <Filter>Source Files</Filter>
    </ClCompile>
    <ClCompile Include="ldecod\src\b_frame.c">
      <Filter>Source Files</Filter>
    </ClCompile>
    <ClCompile Include="ldecod\src\biaridecod.c">
      <Filter>Source Files</Filter>
    </ClCompile>
    <ClCompile Include="ldecod\src\bitstream.c">
      <Filter>Source Files</Filter>
    </ClCompile>
    <ClCompile Include="ldecod\src\block.c">
      <Filter>Source Files</Filter>
    </ClCompile>
    <ClCompile Include="ldecod\src\codingUnit.c">
      <Filter>Source Files</Filter>
    </ClCompile>
    <ClCompile Include="ldecod\src\context_ini.c">
      <Filter>Source Files</Filter>
    </ClCompile>
    <ClCompile Include="ldecod\src\DecAdaptiveLoopFilter.c">
      <Filter>Source Files</Filter>
    </ClCompile>
    <ClCompile Include="ldecod\src\header.c">
      <Filter>Source Files</Filter>
    </ClCompile>
    <ClCompile Include="ldecod\src\image.c">
      <Filter>Source Files</Filter>
    </ClCompile>
    <ClCompile Include="ldecod\src\ldecod.c">
      <Filter>Source Files</Filter>
    </ClCompile>
    <ClCompile Include="ldecod\src\loopfilter.c">
      <Filter>Source Files</Filter>
    </ClCompile>
    <ClCompile Include="ldecod\src\output.c">
      <Filter>Source Files</Filter>
    </ClCompile>
    <ClCompile Include="ldecod\src\pos_info.c">
      <Filter>Source Files</Filter>
    </ClCompile>
    <ClCompile Include="ldecod\src\vlc.c">
      <Filter>Source Files</Filter>
    </ClCompile>
    <ClCompile Include="ldecod\src\wquant.c">
      <Filter>Source Files</Filter>
    </ClCompile>
  </ItemGroup>
  <ItemGroup>
    <ClInclude Include="ldecod\inc\AEC.h">
      <Filter>Header Files</Filter>
    </ClInclude>
    <ClInclude Include="ldecod\inc\annexb.h">
      <Filter>Header Files</Filter>
    </ClInclude>
    <ClInclude Include="ldecod\inc\biaridecod.h">
      <Filter>Header Files</Filter>
    </ClInclude>
    <ClInclude Include="ldecod\inc\block.h">
      <Filter>Header Files</Filter>
    </ClInclude>
    <ClInclude Include="ldecod\inc\codingUnit.h">
      <Filter>Header Files</Filter>
    </ClInclude>
    <ClInclude Include="ldecod\inc\DecAdaptiveLoopFilter.h">
      <Filter>Header Files</Filter>
    </ClInclude>
    <ClInclude Include="ldecod\inc\global.h">
      <Filter>Header Files</Filter>
    </ClInclude>
    <ClInclude Include="ldecod\inc\header.h">
      <Filter>Header Files</Filter>
    </ClInclude>
    <ClInclude Include="ldecod\inc\pos_info.h">
      <Filter>Header Files</Filter>
    </ClInclude>
    <ClInclude Include="ldecod\inc\vlc.h">
      <Filter>Header Files</Filter>
    </ClInclude>
    <ClInclude Include="ldecod\inc\wquant.h">
      <Filter>Header Files</Filter>
    </ClInclude>
  </ItemGroup>
  <ItemGroup>
    <None Include="bin\decoder.cfg" />
  </ItemGroup>
</Project>